
Microsoft Visual Studio Solution File, Format Version 12.00
# Visual Studio 2013
VisualStudioVersion = 12.0.40629.0
MinimumVisualStudioVersion = 10.0.40219.1
Project("{8BC9CEB8-8B4A-11D0-8D11-00A0C91BC942}") = "Algorithms", "Algorithms\Algorithms.vcxproj", "{A2EAECDC-CF1F-479A-A6FF-C27E226B118C}"
EndProject
Global
	GlobalSection(SolutionConfigurationPlatforms) = preSolution
		Debug|Win32 = Debug|Win32
		Release|Win32 = Release|Win32
	EndGlobalSection
	GlobalSection(ProjectConfigurationPlatforms) = postSolution
		{A2EAECDC-CF1F-479A-A6FF-C27E226B118C}.Debug|Win32.ActiveCfg = Debug|Win32
		{A2EAECDC-CF1F-479A-A6FF-C27E226B118C}.Debug|Win32.Build.0 = Debug|Win32
		{A2EAECDC-CF1F-479A-A6FF-C27E226B118C}.Release|Win32.ActiveCfg = Release|Win32
		{A2EAECDC-CF1F-479A-A6FF-C27E226B118C}.Release|Win32.Build.0 = Release|Win32
	EndGlobalSection
	GlobalSection(SolutionProperties) = preSolution
		HideSolutionNode = FALSE
	EndGlobalSection
EndGlobal
